
Microsoft Visual Studio Solution File, Format Version 12.00
# Visual Studio Version 17
VisualStudioVersion = 17.11.35303.130
MinimumVisualStudioVersion = 10.0.40219.1
Project("{9A19103F-16F7-4668-BE54-9A1E7A4F7556}") = "Movies.Api", "Movies.Api\Movies.Api.csproj", "{0B862793-3074-4C77-A7A0-0F563C05AFA2}"
EndProject
Project("{FAE04EC0-301F-11D3-BF4B-00C04F79EFBC}") = "Movies.Application", "Movies.Application\Movies.Application.csproj", "{437B30E2-7E9E-4E6C-98E1-FD838A3AC187}"
EndProject
Project("{FAE04EC0-301F-11D3-BF4B-00C04F79EFBC}") = "Movies.Contracts", "Movies.Contracts\Movies.Contracts.csproj", "{C672A720-6456-4938-A951-1E363A325247}"
EndProject
Project("{FAE04EC0-301F-11D3-BF4B-00C04F79EFBC}") = "Identity.Api", "Identity.Api\Identity.Api.csproj", "{79996A02-52F0-42BF-8BE4-36463E670453}"
EndProject
Global
	GlobalSection(SolutionConfigurationPlatforms) = preSolution
		Debug|Any CPU = Debug|Any CPU
		Release|Any CPU = Release|Any CPU
	EndGlobalSection
	GlobalSection(ProjectConfigurationPlatforms) = postSolution
		{0B862793-3074-4C77-A7A0-0F563C05AFA2}.Debug|Any CPU.ActiveCfg = Debug|Any CPU
		{0B862793-3074-4C77-A7A0-0F563C05AFA2}.Debug|Any CPU.Build.0 = Debug|Any CPU
		{0B862793-3074-4C77-A7A0-0F563C05AFA2}.Release|Any CPU.ActiveCfg = Release|Any CPU
		{0B862793-3074-4C77-A7A0-0F563C05AFA2}.Release|Any CPU.Build.0 = Release|Any CPU
		{437B30E2-7E9E-4E6C-98E1-FD838A3AC187}.Debug|Any CPU.ActiveCfg = Debug|Any CPU
		{437B30E2-7E9E-4E6C-98E1-FD838A3AC187}.Debug|Any CPU.Build.0 = Debug|Any CPU
		{437B30E2-7E9E-4E6C-98E1-FD838A3AC187}.Release|Any CPU.ActiveCfg = Release|Any CPU
		{437B30E2-7E9E-4E6C-98E1-FD838A3AC187}.Release|Any CPU.Build.0 = Release|Any CPU
		{C672A720-6456-4938-A951-1E363A325247}.Debug|Any CPU.ActiveCfg = Debug|Any CPU
		{C672A720-6456-4938-A951-1E363A325247}.Debug|Any CPU.Build.0 = Debug|Any CPU
		{C672A720-6456-4938-A951-1E363A325247}.Release|Any CPU.ActiveCfg = Release|Any CPU
		{C672A720-6456-4938-A951-1E363A325247}.Release|Any CPU.Build.0 = Release|Any CPU
		{79996A02-52F0-42BF-8BE4-36463E670453}.Debug|Any CPU.ActiveCfg = Debug|Any CPU
		{79996A02-52F0-42BF-8BE4-36463E670453}.Debug|Any CPU.Build.0 = Debug|Any CPU
		{79996A02-52F0-42BF-8BE4-36463E670453}.Release|Any CPU.ActiveCfg = Release|Any CPU
		{79996A02-52F0-42BF-8BE4-36463E670453}.Release|Any CPU.Build.0 = Release|Any CPU
	EndGlobalSection
	GlobalSection(SolutionProperties) = preSolution
		HideSolutionNode = FALSE
	EndGlobalSection
	GlobalSection(ExtensibilityGlobals) = postSolution
		SolutionGuid = {4A010F77-5783-4614-9C03-F267D9D56A98}
	EndGlobalSection
EndGlobal
